
Microsoft Visual Studio Solution File, Format Version 12.00
# Visual Studio Version 17
VisualStudioVersion = 17.9.34723.18
MinimumVisualStudioVersion = 10.0.40219.1
Project("{FAE04EC0-301F-11D3-BF4B-00C04F79EFBC}") = "escape2bin", "escape2bin.csproj", "{3E2E7887-9D75-4D66-BE86-FD92FA60B0EC}"
EndProject
Global
	GlobalSection(SolutionConfigurationPlatforms) = preSolution
		Debug|Any CPU = Debug|Any CPU
		Release|Any CPU = Release|Any CPU
	EndGlobalSection
	GlobalSection(ProjectConfigurationPlatforms) = postSolution
		{3E2E7887-9D75-4D66-BE86-FD92FA60B0EC}.Debug|Any CPU.ActiveCfg = Debug|Any CPU
		{3E2E7887-9D75-4D66-BE86-FD92FA60B0EC}.Debug|Any CPU.Build.0 = Debug|Any CPU
		{3E2E7887-9D75-4D66-BE86-FD92FA60B0EC}.Release|Any CPU.ActiveCfg = Release|Any CPU
		{3E2E7887-9D75-4D66-BE86-FD92FA60B0EC}.Release|Any CPU.Build.0 = Release|Any CPU
	EndGlobalSection
	GlobalSection(SolutionProperties) = preSolution
		HideSolutionNode = FALSE
	EndGlobalSection
	GlobalSection(ExtensibilityGlobals) = postSolution
		SolutionGuid = {CF986C68-DC69-41FA-ACE1-1CAC5E3377C6}
	EndGlobalSection
EndGlobal
